// !$*UTF8*$!
{
	archiveVersion = 1;
	classes = {
	};
	objectVersion = 55;
	objects = {

/* Begin PBXBuildFile section */
		02857342285B9EEC00A230C8 /* AppDelegate.swift in Sources */ = {isa = PBXBuildFile; fileRef = 02857341285B9EEC00A230C8 /* AppDelegate.swift */; };
		02857344285B9EEC00A230C8 /* SceneDelegate.swift in Sources */ = {isa = PBXBuildFile; fileRef = 02857343285B9EEC00A230C8 /* SceneDelegate.swift */; };
		02857346285B9EEC00A230C8 /* ViewController.swift in Sources */ = {isa = PBXBuildFile; fileRef = 02857345285B9EEC00A230C8 /* ViewController.swift */; };
		0285734B285B9EED00A230C8 /* Assets.xcassets in Resources */ = {isa = PBXBuildFile; fileRef = 0285734A285B9EED00A230C8 /* Assets.xcassets */; };
		0285734E285B9EED00A230C8 /* LaunchScreen.storyboard in Resources */ = {isa = PBXBuildFile; fileRef = 0285734C285B9EED00A230C8 /* LaunchScreen.storyboard */; };
		02857359285B9F1E00A230C8 /* User.swift in Sources */ = {isa = PBXBuildFile; fileRef = 02857358285B9F1E00A230C8 /* User.swift */; };
		0285735F285BB76B00A230C8 /* TextInput.swift in Sources */ = {isa = PBXBuildFile; fileRef = 0285735E285BB76B00A230C8 /* TextInput.swift */; };
		029B4013285C32C300B40361 /* GoogleService-Info.plist in Resources */ = {isa = PBXBuildFile; fileRef = 029B4011285C320E00B40361 /* GoogleService-Info.plist */; };
		D8F512915BF4023D332DFCD6 /* Pods_LearnUITextField.framework in Frameworks */ = {isa = PBXBuildFile; fileRef = 3781FC9494B121D61FEFEDD7 /* Pods_LearnUITextField.framework */; };
/* End PBXBuildFile section */

/* Begin PBXFileReference section */
		0285733E285B9EEC00A230C8 /* LearnUITextField.app */ = {isa = PBXFileReference; explicitFileType = wrapper.application; includeInIndex = 0; path = LearnUITextField.app; sourceTree = BUILT_PRODUCTS_DIR; };
		02857341285B9EEC00A230C8 /* AppDelegate.swift */ = {isa = PBXFileReference; lastKnownFileType = sourcecode.swift; path = AppDelegate.swift; sourceTree = "<group>"; };
		02857343285B9EEC00A230C8 /* SceneDelegate.swift */ = {isa = PBXFileReference; lastKnownFileType = sourcecode.swift; path = SceneDelegate.swift; sourceTree = "<group>"; };
		02857345285B9EEC00A230C8 /* ViewController.swift */ = {isa = PBXFileReference; lastKnownFileType = sourcecode.swift; path = ViewController.swift; sourceTree = "<group>"; };
		0285734A285B9EED00A230C8 /* Assets.xcassets */ = {isa = PBXFileReference; lastKnownFileType = folder.assetcatalog; path = Assets.xcassets; sourceTree = "<group>"; };
		0285734D285B9EED00A230C8 /* Base */ = {isa = PBXFileReference; lastKnownFileType = file.storyboard; name = Base; path = Base.lproj/LaunchScreen.storyboard; sourceTree = "<group>"; };
		0285734F285B9EED00A230C8 /* Info.plist */ = {isa = PBXFileReference; lastKnownFileType = text.plist.xml; path = Info.plist; sourceTree = "<group>"; };
		02857358285B9F1E00A230C8 /* User.swift */ = {isa = PBXFileReference; lastKnownFileType = sourcecode.swift; path = User.swift; sourceTree = "<group>"; };
		0285735E285BB76B00A230C8 /* TextInput.swift */ = {isa = PBXFileReference; lastKnownFileType = sourcecode.swift; path = TextInput.swift; sourceTree = "<group>"; };
		029B4011285C320E00B40361 /* GoogleService-Info.plist */ = {isa = PBXFileReference; fileEncoding = 4; lastKnownFileType = text.plist.xml; path = "GoogleService-Info.plist"; sourceTree = "<group>"; };
		2121573C4DF9877E91B0B896 /* Pods-LearnUITextField.release.xcconfig */ = {isa = PBXFileReference; includeInIndex = 1; lastKnownFileType = text.xcconfig; name = "Pods-LearnUITextField.release.xcconfig"; path = "Target Support Files/Pods-LearnUITextField/Pods-LearnUITextField.release.xcconfig"; sourceTree = "<group>"; };
		3781FC9494B121D61FEFEDD7 /* Pods_LearnUITextField.framework */ = {isa = PBXFileReference; explicitFileType = wrapper.framework; includeInIndex = 0; path = Pods_LearnUITextField.framework; sourceTree = BUILT_PRODUCTS_DIR; };
		EB6E54AFBFB0296085DFDF7F /* Pods-LearnUITextField.debug.xcconfig */ = {isa = PBXFileReference; includeInIndex = 1; lastKnownFileType = text.xcconfig; name = "Pods-LearnUITextField.debug.xcconfig"; path = "Target Support Files/Pods-LearnUITextField/Pods-LearnUITextField.debug.xcconfig"; sourceTree = "<group>"; };
/* End PBXFileReference section */

/* Begin PBXFrameworksBuildPhase section */
		0285733B285B9EEC00A230C8 /* Frameworks */ = {
			isa = PBXFrameworksBuildPhase;
			buildActionMask = 2147483647;
			files = (
				D8F512915BF4023D332DFCD6 /* Pods_LearnUITextField.framework in Frameworks */,
			);
			runOnlyForDeploymentPostprocessing = 0;
		};
/* End PBXFrameworksBuildPhase section */

/* Begin PBXGroup section */
		02857335285B9EEC00A230C8 = {
			isa = PBXGroup;
			children = (
				029B4011285C320E00B40361 /* GoogleService-Info.plist */,
				02857340285B9EEC00A230C8 /* LearnUITextField */,
				0285733F285B9EEC00A230C8 /* Products */,
				47BAB32570CD289772E33AEF /* Pods */,
				FEE9C8619B895F97E75FBD5A /* Frameworks */,
			);
			sourceTree = "<group>";
		};
		0285733F285B9EEC00A230C8 /* Products */ = {
			isa = PBXGroup;
			children = (
				0285733E285B9EEC00A230C8 /* LearnUITextField.app */,
			);
			name = Products;
			sourceTree = "<group>";
		};
		02857340285B9EEC00A230C8 /* LearnUITextField */ = {
			isa = PBXGroup;
			children = (
				02857355285B9EFF00A230C8 /* App */,
				0285735D285BB72F00A230C8 /* View */,
				02857357285B9F1200A230C8 /* Model */,
				02857356285B9F0800A230C8 /* Controller */,
				0285734A285B9EED00A230C8 /* Assets.xcassets */,
				0285734C285B9EED00A230C8 /* LaunchScreen.storyboard */,
				0285734F285B9EED00A230C8 /* Info.plist */,
			);
			path = LearnUITextField;
			sourceTree = "<group>";
		};
		02857355285B9EFF00A230C8 /* App */ = {
			isa = PBXGroup;
			children = (
				02857341285B9EEC00A230C8 /* AppDelegate.swift */,
				02857343285B9EEC00A230C8 /* SceneDelegate.swift */,
			);
			path = App;
			sourceTree = "<group>";
		};
		02857356285B9F0800A230C8 /* Controller */ = {
			isa = PBXGroup;
			children = (
				02857345285B9EEC00A230C8 /* ViewController.swift */,
			);
			path = Controller;
			sourceTree = "<group>";
		};
		02857357285B9F1200A230C8 /* Model */ = {
			isa = PBXGroup;
			children = (
				02857358285B9F1E00A230C8 /* User.swift */,
			);
			path = Model;
			sourceTree = "<group>";
		};
		0285735D285BB72F00A230C8 /* View */ = {
			isa = PBXGroup;
			children = (
				0285735E285BB76B00A230C8 /* TextInput.swift */,
			);
			path = View;
			sourceTree = "<group>";
		};
		47BAB32570CD289772E33AEF /* Pods */ = {
			isa = PBXGroup;
			children = (
				EB6E54AFBFB0296085DFDF7F /* Pods-LearnUITextField.debug.xcconfig */,
				2121573C4DF9877E91B0B896 /* Pods-LearnUITextField.release.xcconfig */,
			);
			path = Pods;
			sourceTree = "<group>";
		};
		FEE9C8619B895F97E75FBD5A /* Frameworks */ = {
			isa = PBXGroup;
			children = (
				3781FC9494B121D61FEFEDD7 /* Pods_LearnUITextField.framework */,
			);
			name = Frameworks;
			sourceTree = "<group>";
		};
/* End PBXGroup section */

/* Begin PBXNativeTarget section */
		0285733D285B9EEC00A230C8 /* LearnUITextField */ = {
			isa = PBXNativeTarget;
			buildConfigurationList = 02857352285B9EED00A230C8 /* Build configuration list for PBXNativeTarget "LearnUITextField" */;
			buildPhases = (
				273D04421BF6A9BF7485FC6E /* [CP] Check Pods Manifest.lock */,
				0285733A285B9EEC00A230C8 /* Sources */,
				0285733B285B9EEC00A230C8 /* Frameworks */,
				0285733C285B9EEC00A230C8 /* Resources */,
				D96C73DF3AFC34AA7C5D1F2B /* [CP] Embed Pods Frameworks */,
			);
			buildRules = (
			);
			dependencies = (
			);
			name = LearnUITextField;
			productName = LearnUITextField;
			productReference = 0285733E285B9EEC00A230C8 /* LearnUITextField.app */;
			productType = "com.apple.product-type.application";
		};
/* End PBXNativeTarget section */

/* Begin PBXProject section */
		02857336285B9EEC00A230C8 /* Project object */ = {
			isa = PBXProject;
			attributes = {
				BuildIndependentTargetsInParallel = 1;
				LastSwiftUpdateCheck = 1340;
				LastUpgradeCheck = 1340;
				TargetAttributes = {
					0285733D285B9EEC00A230C8 = {
						CreatedOnToolsVersion = 13.4.1;
					};
				};
			};
			buildConfigurationList = 02857339285B9EEC00A230C8 /* Build configuration list for PBXProject "LearnUITextField" */;
			compatibilityVersion = "Xcode 13.0";
			developmentRegion = en;
			hasScannedForEncodings = 0;
			knownRegions = (
				en,
				Base,
			);
			mainGroup = 02857335285B9EEC00A230C8;
			productRefGroup = 0285733F285B9EEC00A230C8 /* Products */;
			projectDirPath = "";
			projectRoot = "";
			targets = (
				0285733D285B9EEC00A230C8 /* LearnUITextField */,
			);
		};
/* End PBXProject section */

/* Begin PBXResourcesBuildPhase section */
		0285733C285B9EEC00A230C8 /* Resources */ = {
			isa = PBXResourcesBuildPhase;
			buildActionMask = 2147483647;
			files = (
				029B4013285C32C300B40361 /* GoogleService-Info.plist in Resources */,
				0285734E285B9EED00A230C8 /* LaunchScreen.storyboard in Resources */,
				0285734B285B9EED00A230C8 /* Assets.xcassets in Resources */,
			);
			runOnlyForDeploymentPostprocessing = 0;
		};
/* End PBXResourcesBuildPhase section */

/* Begin PBXShellScriptBuildPhase section */
		273D04421BF6A9BF7485FC6E /* [CP] Check Pods Manifest.lock */ = {
			isa = PBXShellScriptBuildPhase;
			buildActionMask = 2147483647;
			files = (
			);
			inputFileListPaths = (
			);
			inputPaths = (
				"${PODS_PODFILE_DIR_PATH}/Podfile.lock",
				"${PODS_ROOT}/Manifest.lock",
			);
			name = "[CP] Check Pods Manifest.lock";
			outputFileListPaths = (
			);
			outputPaths = (
				"$(DERIVED_FILE_DIR)/Pods-LearnUITextField-checkManifestLockResult.txt",
			);
			runOnlyForDeploymentPostprocessing = 0;
			shellPath = /bin/sh;
			shellScript = "diff \"${PODS_PODFILE_DIR_PATH}/Podfile.lock\" \"${PODS_ROOT}/Manifest.lock\" > /dev/null\nif [ $? != 0 ] ; then\n    # print error to STDERR\n    echo \"error: The sandbox is not in sync with the Podfile.lock. Run 'pod install' or update your CocoaPods installation.\" >&2\n    exit 1\nfi\n# This output is used by Xcode 'outputs' to avoid re-running this script phase.\necho \"SUCCESS\" > \"${SCRIPT_OUTPUT_FILE_0}\"\n";
			showEnvVarsInLog = 0;
		};
		D96C73DF3AFC34AA7C5D1F2B /* [CP] Embed Pods Frameworks */ = {
			isa = PBXShellScriptBuildPhase;
			buildActionMask = 2147483647;
			files = (
			);
			inputFileListPaths = (
				"${PODS_ROOT}/Target Support Files/Pods-LearnUITextField/Pods-LearnUITextField-frameworks-${CONFIGURATION}-input-files.xcfilelist",
			);
			name = "[CP] Embed Pods Frameworks";
			outputFileListPaths = (
				"${PODS_ROOT}/Target Support Files/Pods-LearnUITextField/Pods-LearnUITextField-frameworks-${CONFIGURATION}-output-files.xcfilelist",
			);
			runOnlyForDeploymentPostprocessing = 0;
			shellPath = /bin/sh;
			shellScript = "\"${PODS_ROOT}/Target Support Files/Pods-LearnUITextField/Pods-LearnUITextField-frameworks.sh\"\n";
			showEnvVarsInLog = 0;
		};
/* End PBXShellScriptBuildPhase section */

/* Begin PBXSourcesBuildPhase section */
		0285733A285B9EEC00A230C8 /* Sources */ = {
			isa = PBXSourcesBuildPhase;
			buildActionMask = 2147483647;
			files = (
				02857359285B9F1E00A230C8 /* User.swift in Sources */,
				02857346285B9EEC00A230C8 /* ViewController.swift in Sources */,
				0285735F285BB76B00A230C8 /* TextInput.swift in Sources */,
				02857342285B9EEC00A230C8 /* AppDelegate.swift in Sources */,
				02857344285B9EEC00A230C8 /* SceneDelegate.swift in Sources */,
			);
			runOnlyForDeploymentPostprocessing = 0;
		};
/* End PBXSourcesBuildPhase section */

/* Begin PBXVariantGroup section */
		0285734C285B9EED00A230C8 /* LaunchScreen.storyboard */ = {
			isa = PBXVariantGroup;
			children = (
				0285734D285B9EED00A230C8 /* Base */,
			);
			name = LaunchScreen.storyboard;
			sourceTree = "<group>";
		};
/* End PBXVariantGroup section */

/* Begin XCBuildConfiguration section */
		02857350285B9EED00A230C8 /* Debug */ = {
			isa = XCBuildConfiguration;
			buildSettings = {
				ALWAYS_SEARCH_USER_PATHS = NO;
				CLANG_ANALYZER_NONNULL = YES;
				CLANG_ANALYZER_NUMBER_OBJECT_CONVERSION = YES_AGGRESSIVE;
				CLANG_CXX_LANGUAGE_STANDARD = "gnu++17";
				CLANG_ENABLE_MODULES = YES;
				CLANG_ENABLE_OBJC_ARC = YES;
				CLANG_ENABLE_OBJC_WEAK = YES;
				CLANG_WARN_BLOCK_CAPTURE_AUTORELEASING = YES;
				CLANG_WARN_BOOL_CONVERSION = YES;
				CLANG_WARN_COMMA = YES;
				CLANG_WARN_CONSTANT_CONVERSION = YES;
				CLANG_WARN_DEPRECATED_OBJC_IMPLEMENTATIONS = YES;
				CLANG_WARN_DIRECT_OBJC_ISA_USAGE = YES_ERROR;
				CLANG_WARN_DOCUMENTATION_COMMENTS = YES;
				CLANG_WARN_EMPTY_BODY = YES;
				CLANG_WARN_ENUM_CONVERSION = YES;
				CLANG_WARN_INFINITE_RECURSION = YES;
				CLANG_WARN_INT_CONVERSION = YES;
				CLANG_WARN_NON_LITERAL_NULL_CONVERSION = YES;
				CLANG_WARN_OBJC_IMPLICIT_RETAIN_SELF = YES;
				CLANG_WARN_OBJC_LITERAL_CONVERSION = YES;
				CLANG_WARN_OBJC_ROOT_CLASS = YES_ERROR;
				CLANG_WARN_QUOTED_INCLUDE_IN_FRAMEWORK_HEADER = YES;
				CLANG_WARN_RANGE_LOOP_ANALYSIS = YES;
				CLANG_WARN_STRICT_PROTOTYPES = YES;
				CLANG_WARN_SUSPICIOUS_MOVE = YES;
				CLANG_WARN_UNGUARDED_AVAILABILITY = YES_AGGRESSIVE;
				CLANG_WARN_UNREACHABLE_CODE = YES;
				CLANG_WARN__DUPLICATE_METHOD_MATCH = YES;
				COPY_PHASE_STRIP = NO;
				DEBUG_INFORMATION_FORMAT = dwarf;
				ENABLE_STRICT_OBJC_MSGSEND = YES;
				ENABLE_TESTABILITY = YES;
				GCC_C_LANGUAGE_STANDARD = gnu11;
				GCC_DYNAMIC_NO_PIC = NO;
				GCC_NO_COMMON_BLOCKS = YES;
				GCC_OPTIMIZATION_LEVEL = 0;
				GCC_PREPROCESSOR_DEFINITIONS = (
					"DEBUG=1",
					"$(inherited)",
				);
				GCC_WARN_64_TO_32_BIT_CONVERSION = YES;
				GCC_WARN_ABOUT_RETURN_TYPE = YES_ERROR;
				GCC_WARN_UNDECLARED_SELECTOR = YES;
				GCC_WARN_UNINITIALIZED_AUTOS = YES_AGGRESSIVE;
				GCC_WARN_UNUSED_FUNCTION = YES;
				GCC_WARN_UNUSED_VARIABLE = YES;
				IPHONEOS_DEPLOYMENT_TARGET = 15.5;
				MTL_ENABLE_DEBUG_INFO = INCLUDE_SOURCE;
				MTL_FAST_MATH = YES;
				ONLY_ACTIVE_ARCH = YES;
				SDKROOT = iphoneos;
				SWIFT_ACTIVE_COMPILATION_CONDITIONS = DEBUG;
				SWIFT_OPTIMIZATION_LEVEL = "-Onone";
			};
			name = Debug;
		};
		02857351285B9EED00A230C8 /* Release */ = {
			isa = XCBuildConfiguration;
			buildSettings = {
				ALWAYS_SEARCH_USER_PATHS = NO;
				CLANG_ANALYZER_NONNULL = YES;
				CLANG_ANALYZER_NUMBER_OBJECT_CONVERSION = YES_AGGRESSIVE;
				CLANG_CXX_LANGUAGE_STANDARD = "gnu++17";
				CLANG_ENABLE_MODULES = YES;
				CLANG_ENABLE_OBJC_ARC = YES;
				CLANG_ENABLE_OBJC_WEAK = YES;
				CLANG_WARN_BLOCK_CAPTURE_AUTORELEASING = YES;
				CLANG_WARN_BOOL_CONVERSION = YES;
				CLANG_WARN_COMMA = YES;
				CLANG_WARN_CONSTANT_CONVERSION = YES;
				CLANG_WARN_DEPRECATED_OBJC_IMPLEMENTATIONS = YES;
				CLANG_WARN_DIRECT_OBJC_ISA_USAGE = YES_ERROR;
				CLANG_WARN_DOCUMENTATION_COMMENTS = YES;
				CLANG_WARN_EMPTY_BODY = YES;
				CLANG_WARN_ENUM_CONVERSION = YES;
				CLANG_WARN_INFINITE_RECURSION = YES;
				CLANG_WARN_INT_CONVERSION = YES;
				CLANG_WARN_NON_LITERAL_NULL_CONVERSION = YES;
				CLANG_WARN_OBJC_IMPLICIT_RETAIN_SELF = YES;
				CLANG_WARN_OBJC_LITERAL_CONVERSION = YES;
				CLANG_WARN_OBJC_ROOT_CLASS = YES_ERROR;
				CLANG_WARN_QUOTED_INCLUDE_IN_FRAMEWORK_HEADER = YES;
				CLANG_WARN_RANGE_LOOP_ANALYSIS = YES;
				CLANG_WARN_STRICT_PROTOTYPES = YES;
				CLANG_WARN_SUSPICIOUS_MOVE = YES;
				CLANG_WARN_UNGUARDED_AVAILABILITY = YES_AGGRESSIVE;
				CLANG_WARN_UNREACHABLE_CODE = YES;
				CLANG_WARN__DUPLICATE_METHOD_MATCH = YES;
				COPY_PHASE_STRIP = NO;
				DEBUG_INFORMATION_FORMAT = "dwarf-with-dsym";
				ENABLE_NS_ASSERTIONS = NO;
				ENABLE_STRICT_OBJC_MSGSEND = YES;
				GCC_C_LANGUAGE_STANDARD = gnu11;
				GCC_NO_COMMON_BLOCKS = YES;
				GCC_WARN_64_TO_32_BIT_CONVERSION = YES;
				GCC_WARN_ABOUT_RETURN_TYPE = YES_ERROR;
				GCC_WARN_UNDECLARED_SELECTOR = YES;
				GCC_WARN_UNINITIALIZED_AUTOS = YES_AGGRESSIVE;
				GCC_WARN_UNUSED_FUNCTION = YES;
				GCC_WARN_UNUSED_VARIABLE = YES;
				IPHONEOS_DEPLOYMENT_TARGET = 15.5;
				MTL_ENABLE_DEBUG_INFO = NO;
				MTL_FAST_MATH = YES;
				SDKROOT = iphoneos;
				SWIFT_COMPILATION_MODE = wholemodule;
				SWIFT_OPTIMIZATION_LEVEL = "-O";
				VALIDATE_PRODUCT = YES;
			};
			name = Release;
		};
		02857353285B9EED00A230C8 /* Debug */ = {
			isa = XCBuildConfiguration;
			baseConfigurationReference = EB6E54AFBFB0296085DFDF7F /* Pods-LearnUITextField.debug.xcconfig */;
			buildSettings = {
				ASSETCATALOG_COMPILER_APPICON_NAME = AppIcon;
				ASSETCATALOG_COMPILER_GLOBAL_ACCENT_COLOR_NAME = AccentColor;
				CODE_SIGN_ENTITLEMENTS = LearnUITextField/LearnUITextField.entitlements;
				CODE_SIGN_STYLE = Automatic;
				CURRENT_PROJECT_VERSION = 1;
				DEVELOPMENT_TEAM = RQ3628489F;
				GENERATE_INFOPLIST_FILE = YES;
				INFOPLIST_FILE = LearnUITextField/Info.plist;
				INFOPLIST_KEY_UIApplicationSupportsIndirectInputEvents = YES;
				INFOPLIST_KEY_UILaunchStoryboardName = LaunchScreen;
				INFOPLIST_KEY_UISupportedInterfaceOrientations = UIInterfaceOrientationPortrait;
				INFOPLIST_KEY_UISupportedInterfaceOrientations_iPad = "UIInterfaceOrientationPortrait UIInterfaceOrientationPortraitUpsideDown UIInterfaceOrientationLandscapeLeft UIInterfaceOrientationLandscapeRight";
				INFOPLIST_KEY_UISupportedInterfaceOrientations_iPhone = "UIInterfaceOrientationPortrait UIInterfaceOrientationLandscapeLeft UIInterfaceOrientationLandscapeRight";
				LD_RUNPATH_SEARCH_PATHS = (
					"$(inherited)",
					"@executable_path/Frameworks",
				);
				MARKETING_VERSION = 1.0;
				PRODUCT_BUNDLE_IDENTIFIER = br.com.leonardoalmeida.LearnUITextField;
				PRODUCT_NAME = "$(TARGET_NAME)";
				SWIFT_EMIT_LOC_STRINGS = YES;
				SWIFT_VERSION = 5.0;
				TARGETED_DEVICE_FAMILY = 1;
			};
			name = Debug;
		};
		02857354285B9EED00A230C8 /* Release */ = {
			isa = XCBuildConfiguration;
			baseConfigurationReference = 2121573C4DF9877E91B0B896 /* Pods-LearnUITextField.release.xcconfig */;
			buildSettings = {
				ASSETCATALOG_COMPILER_APPICON_NAME = AppIcon;
				ASSETCATALOG_COMPILER_GLOBAL_ACCENT_COLOR_NAME = AccentColor;
				CODE_SIGN_ENTITLEMENTS = LearnUITextField/LearnUITextField.entitlements;
				CODE_SIGN_STYLE = Automatic;
				CURRENT_PROJECT_VERSION = 1;
				DEVELOPMENT_TEAM = RQ3628489F;
				GENERATE_INFOPLIST_FILE = YES;
				INFOPLIST_FILE = LearnUITextField/Info.plist;
				INFOPLIST_KEY_UIApplicationSupportsIndirectInputEvents = YES;
				INFOPLIST_KEY_UILaunchStoryboardName = LaunchScreen;
				INFOPLIST_KEY_UISupportedInterfaceOrientations = UIInterfaceOrientationPortrait;
				INFOPLIST_KEY_UISupportedInterfaceOrientations_iPad = "UIInterfaceOrientationPortrait UIInterfaceOrientationPortraitUpsideDown UIInterfaceOrientationLandscapeLeft UIInterfaceOrientationLandscapeRight";
				INFOPLIST_KEY_UISupportedInterfaceOrientations_iPhone = "UIInterfaceOrientationPortrait UIInterfaceOrientationLandscapeLeft UIInterfaceOrientationLandscapeRight";
				LD_RUNPATH_SEARCH_PATHS = (
					"$(inherited)",
					"@executable_path/Frameworks",
				);
				MARKETING_VERSION = 1.0;
				PRODUCT_BUNDLE_IDENTIFIER = br.com.leonardoalmeida.LearnUITextField;
				PRODUCT_NAME = "$(TARGET_NAME)";
				SWIFT_EMIT_LOC_STRINGS = YES;
				SWIFT_VERSION = 5.0;
				TARGETED_DEVICE_FAMILY = 1;
			};
			name = Release;
		};
/* End XCBuildConfiguration section */

/* Begin XCConfigurationList section */
		02857339285B9EEC00A230C8 /* Build configuration list for PBXProject "LearnUITextField" */ = {
			isa = XCConfigurationList;
			buildConfigurations = (
				02857350285B9EED00A230C8 /* Debug */,
				02857351285B9EED00A230C8 /* Release */,
			);
			defaultConfigurationIsVisible = 0;
			defaultConfigurationName = Release;
		};
		02857352285B9EED00A230C8 /* Build configuration list for PBXNativeTarget "LearnUITextField" */ = {
			isa = XCConfigurationList;
			buildConfigurations = (
				02857353285B9EED00A230C8 /* Debug */,
				02857354285B9EED00A230C8 /* Release */,
			);
			defaultConfigurationIsVisible = 0;
			defaultConfigurationName = Release;
		};
/* End XCConfigurationList section */
	};
	rootObject = 02857336285B9EEC00A230C8 /* Project object */;
}
